
Microsoft Visual Studio Solution File, Format Version 12.00
# Visual Studio Version 17
VisualStudioVersion = 17.3.32922.545
MinimumVisualStudioVersion = 10.0.40219.1
Project("{FAE04EC0-301F-11D3-BF4B-00C04F79EFBC}") = "AntonellaCortes_EjercicioCF1", "AntonellaCortes_EjercicioCF1\AntonellaCortes_EjercicioCF1.csproj", "{CE5216FF-F548-4A2E-B5BC-FFF2B280CE3B}"
EndProject
Global
	GlobalSection(SolutionConfigurationPlatforms) = preSolution
		Debug|Any CPU = Debug|Any CPU
		Release|Any CPU = Release|Any CPU
	EndGlobalSection
	GlobalSection(ProjectConfigurationPlatforms) = postSolution
		{CE5216FF-F548-4A2E-B5BC-FFF2B280CE3B}.Debug|Any CPU.ActiveCfg = Debug|Any CPU
		{CE5216FF-F548-4A2E-B5BC-FFF2B280CE3B}.Debug|Any CPU.Build.0 = Debug|Any CPU
		{CE5216FF-F548-4A2E-B5BC-FFF2B280CE3B}.Release|Any CPU.ActiveCfg = Release|Any CPU
		{CE5216FF-F548-4A2E-B5BC-FFF2B280CE3B}.Release|Any CPU.Build.0 = Release|Any CPU
	EndGlobalSection
	GlobalSection(SolutionProperties) = preSolution
		HideSolutionNode = FALSE
	EndGlobalSection
	GlobalSection(ExtensibilityGlobals) = postSolution
		SolutionGuid = {029D30C7-3E16-415F-A0F5-7AA621789278}
	EndGlobalSection
EndGlobal
